
Microsoft Visual Studio Solution File, Format Version 12.00
# Visual Studio Version 17
VisualStudioVersion = 17.3.32819.101
MinimumVisualStudioVersion = 10.0.40219.1
Project("{FAE04EC0-301F-11D3-BF4B-00C04F79EFBC}") = "windows", "windows\windows.csproj", "{E08E2515-F106-4263-8FBE-8F1AD40E3368}"
EndProject
Global
	GlobalSection(SolutionConfigurationPlatforms) = preSolution
		Debug|Any CPU = Debug|Any CPU
		Release|Any CPU = Release|Any CPU
	EndGlobalSection
	GlobalSection(ProjectConfigurationPlatforms) = postSolution
		{E08E2515-F106-4263-8FBE-8F1AD40E3368}.Debug|Any CPU.ActiveCfg = Debug|Any CPU
		{E08E2515-F106-4263-8FBE-8F1AD40E3368}.Debug|Any CPU.Build.0 = Debug|Any CPU
		{E08E2515-F106-4263-8FBE-8F1AD40E3368}.Release|Any CPU.ActiveCfg = Release|Any CPU
		{E08E2515-F106-4263-8FBE-8F1AD40E3368}.Release|Any CPU.Build.0 = Release|Any CPU
	EndGlobalSection
	GlobalSection(SolutionProperties) = preSolution
		HideSolutionNode = FALSE
	EndGlobalSection
	GlobalSection(ExtensibilityGlobals) = postSolution
		SolutionGuid = {8814A1B1-2F06-44E2-B405-34D03AB402F1}
	EndGlobalSection
EndGlobal
